Microsoft Visual Studio Solution File, Format Version 12.00
# Visual Studio 2013
VisualStudioVersion = 12.0.31101.0
MinimumVisualStudioVersion = 10.0.40219.1
Project("{FAE04EC0-301F-11D3-BF4B-00C04F79EFBC}") = "StackMachineEmulator", "StackMachineEmulator\StackMachineEmulator.csproj", "{4731A8AD-6363-48B3-9290-1168F9E865EE}"
EndProject
Project("{FAE04EC0-301F-11D3-BF4B-00C04F79EFBC}") = "UnitTests", "UnitTests\UnitTests.csproj", "{790B0A9F-1C8E-45B5-B64E-8EE879AD36F8}"
EndProject
Global
	GlobalSection(SolutionConfigurationPlatforms) = preSolution
		Debug|Any CPU = Debug|Any CPU
		Release|Any CPU = Release|Any CPU
	EndGlobalSection
	GlobalSection(ProjectConfigurationPlatforms) = postSolution
		{4731A8AD-6363-48B3-9290-1168F9E865EE}.Debug|Any CPU.ActiveCfg = Debug|Any CPU
		{4731A8AD-6363-48B3-9290-1168F9E865EE}.Debug|Any CPU.Build.0 = Debug|Any CPU
		{4731A8AD-6363-48B3-9290-1168F9E865EE}.Release|Any CPU.ActiveCfg = Release|Any CPU
		{4731A8AD-6363-48B3-9290-1168F9E865EE}.Release|Any CPU.Build.0 = Release|Any CPU
		{790B0A9F-1C8E-45B5-B64E-8EE879AD36F8}.Debug|Any CPU.ActiveCfg = Debug|Any CPU
		{790B0A9F-1C8E-45B5-B64E-8EE879AD36F8}.Debug|Any CPU.Build.0 = Debug|Any CPU
		{790B0A9F-1C8E-45B5-B64E-8EE879AD36F8}.Release|Any CPU.ActiveCfg = Release|Any CPU
		{790B0A9F-1C8E-45B5-B64E-8EE879AD36F8}.Release|Any CPU.Build.0 = Release|Any CPU
	EndGlobalSection
	GlobalSection(SolutionProperties) = preSolution
		HideSolutionNode = FALSE
	EndGlobalSection
EndGlobal
