
Microsoft Visual Studio Solution File, Format Version 12.00
# Visual Studio Version 17
VisualStudioVersion = 17.13.35818.85 d17.13
MinimumVisualStudioVersion = 10.0.40219.1
Project("{FAE04EC0-301F-11D3-BF4B-00C04F79EFBC}") = "Checksum8", "Checksum8\Checksum8.csproj", "{9E21A4A2-9501-48EB-ABD5-994BE88AD3EF}"
EndProject
Project("{FAE04EC0-301F-11D3-BF4B-00C04F79EFBC}") = "Checksum8.Tests", "Checksum.Tests\Checksum8.Tests.csproj", "{47D3DD35-F4E7-4619-9D3E-32478C6404B6}"
EndProject
Global
	GlobalSection(SolutionConfigurationPlatforms) = preSolution
		Debug|Any CPU = Debug|Any CPU
		Release|Any CPU = Release|Any CPU
	EndGlobalSection
	GlobalSection(ProjectConfigurationPlatforms) = postSolution
		{9E21A4A2-9501-48EB-ABD5-994BE88AD3EF}.Debug|Any CPU.ActiveCfg = Debug|Any CPU
		{9E21A4A2-9501-48EB-ABD5-994BE88AD3EF}.Debug|Any CPU.Build.0 = Debug|Any CPU
		{9E21A4A2-9501-48EB-ABD5-994BE88AD3EF}.Release|Any CPU.ActiveCfg = Release|Any CPU
		{9E21A4A2-9501-48EB-ABD5-994BE88AD3EF}.Release|Any CPU.Build.0 = Release|Any CPU
		{47D3DD35-F4E7-4619-9D3E-32478C6404B6}.Debug|Any CPU.ActiveCfg = Debug|Any CPU
		{47D3DD35-F4E7-4619-9D3E-32478C6404B6}.Debug|Any CPU.Build.0 = Debug|Any CPU
		{47D3DD35-F4E7-4619-9D3E-32478C6404B6}.Release|Any CPU.ActiveCfg = Release|Any CPU
		{47D3DD35-F4E7-4619-9D3E-32478C6404B6}.Release|Any CPU.Build.0 = Release|Any CPU
	EndGlobalSection
	GlobalSection(SolutionProperties) = preSolution
		HideSolutionNode = FALSE
	EndGlobalSection
	GlobalSection(ExtensibilityGlobals) = postSolution
		SolutionGuid = {0AE6ED93-6C71-446D-A8A5-45281A653B10}
	EndGlobalSection
EndGlobal
